
Microsoft Visual Studio Solution File, Format Version 12.00
# Visual Studio 15
VisualStudioVersion = 15.0.26730.8
MinimumVisualStudioVersion = 10.0.40219.1
Project("{FAE04EC0-301F-11D3-BF4B-00C04F79EFBC}") = "MyFirstSocket", "MyFirstSocket\MyFirstSocket.csproj", "{7D16040D-2863-46B7-823A-DB1BD3F146FF}"
EndProject
Global
	GlobalSection(SolutionConfigurationPlatforms) = preSolution
		Debug|Any CPU = Debug|Any CPU
		Release|Any CPU = Release|Any CPU
	EndGlobalSection
	GlobalSection(ProjectConfigurationPlatforms) = postSolution
		{7D16040D-2863-46B7-823A-DB1BD3F146FF}.Debug|Any CPU.ActiveCfg = Debug|Any CPU
		{7D16040D-2863-46B7-823A-DB1BD3F146FF}.Debug|Any CPU.Build.0 = Debug|Any CPU
		{7D16040D-2863-46B7-823A-DB1BD3F146FF}.Release|Any CPU.ActiveCfg = Release|Any CPU
		{7D16040D-2863-46B7-823A-DB1BD3F146FF}.Release|Any CPU.Build.0 = Release|Any CPU
	EndGlobalSection
	GlobalSection(SolutionProperties) = preSolution
		HideSolutionNode = FALSE
	EndGlobalSection
	GlobalSection(ExtensibilityGlobals) = postSolution
		SolutionGuid = {EDC65055-899F-4210-96F0-90FA0676DB6E}
	EndGlobalSection
EndGlobal
